// !$*UTF8*$!
{
	archiveVersion = 1;
	classes = {
	};
	objectVersion = 46;
	objects = {

/* Begin PBXBuildFile section */
		27FD67855087D427FCD13871 /* libPods.a in Frameworks */ = {isa = PBXBuildFile; fileRef = 3E20686731D6849F74D0F181 /* libPods.a */; };
		8244C76C1A35F88D0090DB7A /* ATScheduling.m in Sources */ = {isa = PBXBuildFile; fileRef = 8244C76B1A35F88D0090DB7A /* ATScheduling.m */; };
		8244C76F1A35F8F20090DB7A /* NSDate+ATISO8601.m in Sources */ = {isa = PBXBuildFile; fileRef = 8244C76E1A35F8F20090DB7A /* NSDate+ATISO8601.m */; };
		8244C7721A35F92C0090DB7A /* ATFuncmanStyle.m in Sources */ = {isa = PBXBuildFile; fileRef = 8244C7711A35F92C0090DB7A /* ATFuncmanStyle.m */; };
		8244C7751A35F9940090DB7A /* ModelManager.m in Sources */ = {isa = PBXBuildFile; fileRef = 8244C7741A35F9940090DB7A /* ModelManager.m */; };
		8244C7781A3600F90090DB7A /* ATEasyResourceAccess.m in Sources */ = {isa = PBXBuildFile; fileRef = 8244C7771A3600F90090DB7A /* ATEasyResourceAccess.m */; };
		82D59BD81A35EC73006E262B /* Foundation.framework in Frameworks */ = {isa = PBXBuildFile; fileRef = 82D59BD71A35EC73006E262B /* Foundation.framework */; };
		82D59BDA1A35EC73006E262B /* CoreGraphics.framework in Frameworks */ = {isa = PBXBuildFile; fileRef = 82D59BD91A35EC73006E262B /* CoreGraphics.framework */; };
		82D59BDC1A35EC73006E262B /* UIKit.framework in Frameworks */ = {isa = PBXBuildFile; fileRef = 82D59BDB1A35EC73006E262B /* UIKit.framework */; };
		82D59BE21A35EC73006E262B /* InfoPlist.strings in Resources */ = {isa = PBXBuildFile; fileRef = 82D59BE01A35EC73006E262B /* InfoPlist.strings */; };
		82D59BE41A35EC73006E262B /* main.m in Sources */ = {isa = PBXBuildFile; fileRef = 82D59BE31A35EC73006E262B /* main.m */; };
		82D59BE81A35EC73006E262B /* AppDelegate.m in Sources */ = {isa = PBXBuildFile; fileRef = 82D59BE71A35EC73006E262B /* AppDelegate.m */; };
		82D59BEB1A35EC73006E262B /* Main.storyboard in Resources */ = {isa = PBXBuildFile; fileRef = 82D59BE91A35EC73006E262B /* Main.storyboard */; };
		82D59BEE1A35EC73006E262B /* ViewController.m in Sources */ = {isa = PBXBuildFile; fileRef = 82D59BED1A35EC73006E262B /* ViewController.m */; };
		82D59BF01A35EC73006E262B /* Images.xcassets in Resources */ = {isa = PBXBuildFile; fileRef = 82D59BEF1A35EC73006E262B /* Images.xcassets */; };
		82D59BF71A35EC73006E262B /* XCTest.framework in Frameworks */ = {isa = PBXBuildFile; fileRef = 82D59BF61A35EC73006E262B /* XCTest.framework */; };
		82D59BF81A35EC73006E262B /* Foundation.framework in Frameworks */ = {isa = PBXBuildFile; fileRef = 82D59BD71A35EC73006E262B /* Foundation.framework */; };
		82D59BF91A35EC73006E262B /* UIKit.framework in Frameworks */ = {isa = PBXBuildFile; fileRef = 82D59BDB1A35EC73006E262B /* UIKit.framework */; };
		82D59C011A35EC73006E262B /* InfoPlist.strings in Resources */ = {isa = PBXBuildFile; fileRef = 82D59BFF1A35EC73006E262B /* InfoPlist.strings */; };
		82D59C031A35EC73006E262B /* syncDataDemoTests.m in Sources */ = {isa = PBXBuildFile; fileRef = 82D59C021A35EC73006E262B /* syncDataDemoTests.m */; };
		82D59C0E1A35ED22006E262B /* SyncManager.m in Sources */ = {isa = PBXBuildFile; fileRef = 82D59C0D1A35ED22006E262B /* SyncManager.m */; };
		82D59C4C1A35EE22006E262B /* CoreData.framework in Frameworks */ = {isa = PBXBuildFile; fileRef = 82D59C4B1A35EE22006E262B /* CoreData.framework */; };
/* End PBXBuildFile section */

/* Begin PBXContainerItemProxy section */
		82D59BFA1A35EC73006E262B /* PBXContainerItemProxy */ = {
			isa = PBXContainerItemProxy;
			containerPortal = 82D59BCC1A35EC73006E262B /* Project object */;
			proxyType = 1;
			remoteGlobalIDString = 82D59BD31A35EC73006E262B;
			remoteInfo = syncDataDemo;
		};
/* End PBXContainerItemProxy section */

/* Begin PBXFileReference section */
		32F614E7987DCCE7C2458945 /* Pods.debug.xcconfig */ = {isa = PBXFileReference; includeInIndex = 1; lastKnownFileType = text.xcconfig; name = Pods.debug.xcconfig; path = "Pods/Target Support Files/Pods/Pods.debug.xcconfig"; sourceTree = "<group>"; };
		33C4D16D35CE1A960BD7A4AA /* Pods.release.xcconfig */ = {isa = PBXFileReference; includeInIndex = 1; lastKnownFileType = text.xcconfig; name = Pods.release.xcconfig; path = "Pods/Target Support Files/Pods/Pods.release.xcconfig"; sourceTree = "<group>"; };
		3E20686731D6849F74D0F181 /* libPods.a */ = {isa = PBXFileReference; explicitFileType = archive.ar; includeInIndex = 0; path = libPods.a; sourceTree = BUILT_PRODUCTS_DIR; };
		8244C76A1A35F88D0090DB7A /* ATScheduling.h */ = {isa = PBXFileReference; fileEncoding = 4; lastKnownFileType = sourcecode.c.h; path = ATScheduling.h; sourceTree = "<group>"; };
		8244C76B1A35F88D0090DB7A /* ATScheduling.m */ = {isa = PBXFileReference; fileEncoding = 4; lastKnownFileType = sourcecode.c.objc; path = ATScheduling.m; sourceTree = "<group>"; };
		8244C76D1A35F8F20090DB7A /* NSDate+ATISO8601.h */ = {isa = PBXFileReference; fileEncoding = 4; lastKnownFileType = sourcecode.c.h; path = "NSDate+ATISO8601.h"; sourceTree = "<group>"; };
		8244C76E1A35F8F20090DB7A /* NSDate+ATISO8601.m */ = {isa = PBXFileReference; fileEncoding = 4; lastKnownFileType = sourcecode.c.objc; path = "NSDate+ATISO8601.m"; sourceTree = "<group>"; };
		8244C7701A35F92C0090DB7A /* ATFuncmanStyle.h */ = {isa = PBXFileReference; fileEncoding = 4; lastKnownFileType = sourcecode.c.h; path = ATFuncmanStyle.h; sourceTree = "<group>"; };
		8244C7711A35F92C0090DB7A /* ATFuncmanStyle.m */ = {isa = PBXFileReference; fileEncoding = 4; lastKnownFileType = sourcecode.c.objc; path = ATFuncmanStyle.m; sourceTree = "<group>"; };
		8244C7731A35F9940090DB7A /* ModelManager.h */ = {isa = PBXFileReference; fileEncoding = 4; lastKnownFileType = sourcecode.c.h; path = ModelManager.h; sourceTree = "<group>"; };
		8244C7741A35F9940090DB7A /* ModelManager.m */ = {isa = PBXFileReference; fileEncoding = 4; lastKnownFileType = sourcecode.c.objc; path = ModelManager.m; sourceTree = "<group>"; };
		8244C7761A3600F90090DB7A /* ATEasyResourceAccess.h */ = {isa = PBXFileReference; fileEncoding = 4; lastKnownFileType = sourcecode.c.h; path = ATEasyResourceAccess.h; sourceTree = "<group>"; };
		8244C7771A3600F90090DB7A /* ATEasyResourceAccess.m */ = {isa = PBXFileReference; fileEncoding = 4; lastKnownFileType = sourcecode.c.objc; path = ATEasyResourceAccess.m; sourceTree = "<group>"; };
		82D59BD41A35EC73006E262B /* syncDataDemo.app */ = {isa = PBXFileReference; explicitFileType = wrapper.application; includeInIndex = 0; path = syncDataDemo.app; sourceTree = BUILT_PRODUCTS_DIR; };
		82D59BD71A35EC73006E262B /* Foundation.framework */ = {isa = PBXFileReference; lastKnownFileType = wrapper.framework; name = Foundation.framework; path = System/Library/Frameworks/Foundation.framework; sourceTree = SDKROOT; };
		82D59BD91A35EC73006E262B /* CoreGraphics.framework */ = {isa = PBXFileReference; lastKnownFileType = wrapper.framework; name = CoreGraphics.framework; path = System/Library/Frameworks/CoreGraphics.framework; sourceTree = SDKROOT; };
		82D59BDB1A35EC73006E262B /* UIKit.framework */ = {isa = PBXFileReference; lastKnownFileType = wrapper.framework; name = UIKit.framework; path = System/Library/Frameworks/UIKit.framework; sourceTree = SDKROOT; };
		82D59BDF1A35EC73006E262B /* syncDataDemo-Info.plist */ = {isa = PBXFileReference; lastKnownFileType = text.plist.xml; path = "syncDataDemo-Info.plist"; sourceTree = "<group>"; };
		82D59BE11A35EC73006E262B /* en */ = {isa = PBXFileReference; lastKnownFileType = text.plist.strings; name = en; path = en.lproj/InfoPlist.strings; sourceTree = "<group>"; };
		82D59BE31A35EC73006E262B /* main.m */ = {isa = PBXFileReference; lastKnownFileType = sourcecode.c.objc; path = main.m; sourceTree = "<group>"; };
		82D59BE51A35EC73006E262B /* syncDataDemo-Prefix.pch */ = {isa = PBXFileReference; lastKnownFileType = sourcecode.c.h; path = "syncDataDemo-Prefix.pch"; sourceTree = "<group>"; };
		82D59BE61A35EC73006E262B /* AppDelegate.h */ = {isa = PBXFileReference; lastKnownFileType = sourcecode.c.h; path = AppDelegate.h; sourceTree = "<group>"; };
		82D59BE71A35EC73006E262B /* AppDelegate.m */ = {isa = PBXFileReference; lastKnownFileType = sourcecode.c.objc; path = AppDelegate.m; sourceTree = "<group>"; };
		82D59BEA1A35EC73006E262B /* Base */ = {isa = PBXFileReference; lastKnownFileType = file.storyboard; name = Base; path = Base.lproj/Main.storyboard; sourceTree = "<group>"; };
		82D59BEC1A35EC73006E262B /* ViewController.h */ = {isa = PBXFileReference; lastKnownFileType = sourcecode.c.h; path = ViewController.h; sourceTree = "<group>"; };
		82D59BED1A35EC73006E262B /* ViewController.m */ = {isa = PBXFileReference; lastKnownFileType = sourcecode.c.objc; path = ViewController.m; sourceTree = "<group>"; };
		82D59BEF1A35EC73006E262B /* Images.xcassets */ = {isa = PBXFileReference; lastKnownFileType = folder.assetcatalog; path = Images.xcassets; sourceTree = "<group>"; };
		82D59BF51A35EC73006E262B /* syncDataDemoTests.xctest */ = {isa = PBXFileReference; explicitFileType = wrapper.cfbundle; includeInIndex = 0; path = syncDataDemoTests.xctest; sourceTree = BUILT_PRODUCTS_DIR; };
		82D59BF61A35EC73006E262B /* XCTest.framework */ = {isa = PBXFileReference; lastKnownFileType = wrapper.framework; name = XCTest.framework; path = Library/Frameworks/XCTest.framework; sourceTree = DEVELOPER_DIR; };
		82D59BFE1A35EC73006E262B /* syncDataDemoTests-Info.plist */ = {isa = PBXFileReference; lastKnownFileType = text.plist.xml; path = "syncDataDemoTests-Info.plist"; sourceTree = "<group>"; };
		82D59C001A35EC73006E262B /* en */ = {isa = PBXFileReference; lastKnownFileType = text.plist.strings; name = en; path = en.lproj/InfoPlist.strings; sourceTree = "<group>"; };
		82D59C021A35EC73006E262B /* syncDataDemoTests.m */ = {isa = PBXFileReference; lastKnownFileType = sourcecode.c.objc; path = syncDataDemoTests.m; sourceTree = "<group>"; };
		82D59C0C1A35ED22006E262B /* SyncManager.h */ = {isa = PBXFileReference; fileEncoding = 4; lastKnownFileType = sourcecode.c.h; path = SyncManager.h; sourceTree = "<group>"; };
		82D59C0D1A35ED22006E262B /* SyncManager.m */ = {isa = PBXFileReference; fileEncoding = 4; lastKnownFileType = sourcecode.c.objc; path = SyncManager.m; sourceTree = "<group>"; };
		82D59C4B1A35EE22006E262B /* CoreData.framework */ = {isa = PBXFileReference; lastKnownFileType = wrapper.framework; name = CoreData.framework; path = System/Library/Frameworks/CoreData.framework; sourceTree = SDKROOT; };
/* End PBXFileReference section */

/* Begin PBXFrameworksBuildPhase section */
		82D59BD11A35EC73006E262B /* Frameworks */ = {
			isa = PBXFrameworksBuildPhase;
			buildActionMask = 2147483647;
			files = (
				82D59C4C1A35EE22006E262B /* CoreData.framework in Frameworks */,
				82D59BDA1A35EC73006E262B /* CoreGraphics.framework in Frameworks */,
				82D59BDC1A35EC73006E262B /* UIKit.framework in Frameworks */,
				82D59BD81A35EC73006E262B /* Foundation.framework in Frameworks */,
				27FD67855087D427FCD13871 /* libPods.a in Frameworks */,
			);
			runOnlyForDeploymentPostprocessing = 0;
		};
		82D59BF21A35EC73006E262B /* Frameworks */ = {
			isa = PBXFrameworksBuildPhase;
			buildActionMask = 2147483647;
			files = (
				82D59BF71A35EC73006E262B /* XCTest.framework in Frameworks */,
				82D59BF91A35EC73006E262B /* UIKit.framework in Frameworks */,
				82D59BF81A35EC73006E262B /* Foundation.framework in Frameworks */,
			);
			runOnlyForDeploymentPostprocessing = 0;
		};
/* End PBXFrameworksBuildPhase section */

/* Begin PBXGroup section */
		50B21059A88FD11B82D3561F /* Pods */ = {
			isa = PBXGroup;
			children = (
				32F614E7987DCCE7C2458945 /* Pods.debug.xcconfig */,
				33C4D16D35CE1A960BD7A4AA /* Pods.release.xcconfig */,
			);
			name = Pods;
			sourceTree = "<group>";
		};
		82D59BCB1A35EC73006E262B = {
			isa = PBXGroup;
			children = (
				82D59BDD1A35EC73006E262B /* syncDataDemo */,
				82D59BFC1A35EC73006E262B /* syncDataDemoTests */,
				82D59BD61A35EC73006E262B /* Frameworks */,
				82D59BD51A35EC73006E262B /* Products */,
				50B21059A88FD11B82D3561F /* Pods */,
			);
			sourceTree = "<group>";
		};
		82D59BD51A35EC73006E262B /* Products */ = {
			isa = PBXGroup;
			children = (
				82D59BD41A35EC73006E262B /* syncDataDemo.app */,
				82D59BF51A35EC73006E262B /* syncDataDemoTests.xctest */,
			);
			name = Products;
			sourceTree = "<group>";
		};
		82D59BD61A35EC73006E262B /* Frameworks */ = {
			isa = PBXGroup;
			children = (
				82D59C4B1A35EE22006E262B /* CoreData.framework */,
				82D59BD71A35EC73006E262B /* Foundation.framework */,
				82D59BD91A35EC73006E262B /* CoreGraphics.framework */,
				82D59BDB1A35EC73006E262B /* UIKit.framework */,
				82D59BF61A35EC73006E262B /* XCTest.framework */,
				3E20686731D6849F74D0F181 /* libPods.a */,
			);
			name = Frameworks;
			sourceTree = "<group>";
		};
		82D59BDD1A35EC73006E262B /* syncDataDemo */ = {
			isa = PBXGroup;
			children = (
				82D59BE61A35EC73006E262B /* AppDelegate.h */,
				82D59BE71A35EC73006E262B /* AppDelegate.m */,
				82D59BE91A35EC73006E262B /* Main.storyboard */,
				82D59BEC1A35EC73006E262B /* ViewController.h */,
				82D59BED1A35EC73006E262B /* ViewController.m */,
				82D59C0C1A35ED22006E262B /* SyncManager.h */,
				82D59C0D1A35ED22006E262B /* SyncManager.m */,
				8244C76A1A35F88D0090DB7A /* ATScheduling.h */,
				8244C76B1A35F88D0090DB7A /* ATScheduling.m */,
				8244C7761A3600F90090DB7A /* ATEasyResourceAccess.h */,
				8244C7771A3600F90090DB7A /* ATEasyResourceAccess.m */,
				8244C7701A35F92C0090DB7A /* ATFuncmanStyle.h */,
				8244C7711A35F92C0090DB7A /* ATFuncmanStyle.m */,
				8244C76D1A35F8F20090DB7A /* NSDate+ATISO8601.h */,
				8244C76E1A35F8F20090DB7A /* NSDate+ATISO8601.m */,
				8244C7731A35F9940090DB7A /* ModelManager.h */,
				8244C7741A35F9940090DB7A /* ModelManager.m */,
				82D59BEF1A35EC73006E262B /* Images.xcassets */,
				82D59BDE1A35EC73006E262B /* Supporting Files */,
			);
			path = syncDataDemo;
			sourceTree = "<group>";
		};
		82D59BDE1A35EC73006E262B /* Supporting Files */ = {
			isa = PBXGroup;
			children = (
				82D59BDF1A35EC73006E262B /* syncDataDemo-Info.plist */,
				82D59BE01A35EC73006E262B /* InfoPlist.strings */,
				82D59BE31A35EC73006E262B /* main.m */,
				82D59BE51A35EC73006E262B /* syncDataDemo-Prefix.pch */,
			);
			name = "Supporting Files";
			sourceTree = "<group>";
		};
		82D59BFC1A35EC73006E262B /* syncDataDemoTests */ = {
			isa = PBXGroup;
			children = (
				82D59C021A35EC73006E262B /* syncDataDemoTests.m */,
				82D59BFD1A35EC73006E262B /* Supporting Files */,
			);
			path = syncDataDemoTests;
			sourceTree = "<group>";
		};
		82D59BFD1A35EC73006E262B /* Supporting Files */ = {
			isa = PBXGroup;
			children = (
				82D59BFE1A35EC73006E262B /* syncDataDemoTests-Info.plist */,
				82D59BFF1A35EC73006E262B /* InfoPlist.strings */,
			);
			name = "Supporting Files";
			sourceTree = "<group>";
		};
/* End PBXGroup section */

/* Begin PBXNativeTarget section */
		82D59BD31A35EC73006E262B /* syncDataDemo */ = {
			isa = PBXNativeTarget;
			buildConfigurationList = 82D59C061A35EC73006E262B /* Build configuration list for PBXNativeTarget "syncDataDemo" */;
			buildPhases = (
				AEDDFBEBBDDA21480F6C5082 /* Check Pods Manifest.lock */,
				82D59BD01A35EC73006E262B /* Sources */,
				82D59BD11A35EC73006E262B /* Frameworks */,
				82D59BD21A35EC73006E262B /* Resources */,
				8D2BEC779E9D4C1E05DA9C1D /* Copy Pods Resources */,
			);
			buildRules = (
			);
			dependencies = (
			);
			name = syncDataDemo;
			productName = syncDataDemo;
			productReference = 82D59BD41A35EC73006E262B /* syncDataDemo.app */;
			productType = "com.apple.product-type.application";
		};
		82D59BF41A35EC73006E262B /* syncDataDemoTests */ = {
			isa = PBXNativeTarget;
			buildConfigurationList = 82D59C091A35EC73006E262B /* Build configuration list for PBXNativeTarget "syncDataDemoTests" */;
			buildPhases = (
				82D59BF11A35EC73006E262B /* Sources */,
				82D59BF21A35EC73006E262B /* Frameworks */,
				82D59BF31A35EC73006E262B /* Resources */,
			);
			buildRules = (
			);
			dependencies = (
				82D59BFB1A35EC73006E262B /* PBXTargetDependency */,
			);
			name = syncDataDemoTests;
			productName = syncDataDemoTests;
			productReference = 82D59BF51A35EC73006E262B /* syncDataDemoTests.xctest */;
			productType = "com.apple.product-type.bundle.unit-test";
		};
/* End PBXNativeTarget section */

/* Begin PBXProject section */
		82D59BCC1A35EC73006E262B /* Project object */ = {
			isa = PBXProject;
			attributes = {
				LastUpgradeCheck = 0510;
				ORGANIZATIONNAME = Neoscape;
				TargetAttributes = {
					82D59BF41A35EC73006E262B = {
						TestTargetID = 82D59BD31A35EC73006E262B;
					};
				};
			};
			buildConfigurationList = 82D59BCF1A35EC73006E262B /* Build configuration list for PBXProject "syncDataDemo" */;
			compatibilityVersion = "Xcode 3.2";
			developmentRegion = English;
			hasScannedForEncodings = 0;
			knownRegions = (
				en,
				Base,
			);
			mainGroup = 82D59BCB1A35EC73006E262B;
			productRefGroup = 82D59BD51A35EC73006E262B /* Products */;
			projectDirPath = "";
			projectRoot = "";
			targets = (
				82D59BD31A35EC73006E262B /* syncDataDemo */,
				82D59BF41A35EC73006E262B /* syncDataDemoTests */,
			);
		};
/* End PBXProject section */

/* Begin PBXResourcesBuildPhase section */
		82D59BD21A35EC73006E262B /* Resources */ = {
			isa = PBXResourcesBuildPhase;
			buildActionMask = 2147483647;
			files = (
				82D59BF01A35EC73006E262B /* Images.xcassets in Resources */,
				82D59BE21A35EC73006E262B /* InfoPlist.strings in Resources */,
				82D59BEB1A35EC73006E262B /* Main.storyboard in Resources */,
			);
			runOnlyForDeploymentPostprocessing = 0;
		};
		82D59BF31A35EC73006E262B /* Resources */ = {
			isa = PBXResourcesBuildPhase;
			buildActionMask = 2147483647;
			files = (
				82D59C011A35EC73006E262B /* InfoPlist.strings in Resources */,
			);
			runOnlyForDeploymentPostprocessing = 0;
		};
/* End PBXResourcesBuildPhase section */

/* Begin PBXShellScriptBuildPhase section */
		8D2BEC779E9D4C1E05DA9C1D /* Copy Pods Resources */ = {
			isa = PBXShellScriptBuildPhase;
			buildActionMask = 2147483647;
			files = (
			);
			inputPaths = (
			);
			name = "Copy Pods Resources";
			outputPaths = (
			);
			runOnlyForDeploymentPostprocessing = 0;
			shellPath = /bin/sh;
			shellScript = "\"${SRCROOT}/Pods/Target Support Files/Pods/Pods-resources.sh\"\n";
			showEnvVarsInLog = 0;
		};
		AEDDFBEBBDDA21480F6C5082 /* Check Pods Manifest.lock */ = {
			isa = PBXShellScriptBuildPhase;
			buildActionMask = 2147483647;
			files = (
			);
			inputPaths = (
			);
			name = "Check Pods Manifest.lock";
			outputPaths = (
			);
			runOnlyForDeploymentPostprocessing = 0;
			shellPath = /bin/sh;
			shellScript = "diff \"${PODS_ROOT}/../Podfile.lock\" \"${PODS_ROOT}/Manifest.lock\" > /dev/null\nif [[ $? != 0 ]] ; then\n    cat << EOM\nerror: The sandbox is not in sync with the Podfile.lock. Run 'pod install' or update your CocoaPods installation.\nEOM\n    exit 1\nfi\n";
			showEnvVarsInLog = 0;
		};
/* End PBXShellScriptBuildPhase section */

/* Begin PBXSourcesBuildPhase section */
		82D59BD01A35EC73006E262B /* Sources */ = {
			isa = PBXSourcesBuildPhase;
			buildActionMask = 2147483647;
			files = (
				82D59C0E1A35ED22006E262B /* SyncManager.m in Sources */,
				8244C7721A35F92C0090DB7A /* ATFuncmanStyle.m in Sources */,
				82D59BEE1A35EC73006E262B /* ViewController.m in Sources */,
				8244C76F1A35F8F20090DB7A /* NSDate+ATISO8601.m in Sources */,
				82D59BE81A35EC73006E262B /* AppDelegate.m in Sources */,
				8244C7751A35F9940090DB7A /* ModelManager.m in Sources */,
				8244C7781A3600F90090DB7A /* ATEasyResourceAccess.m in Sources */,
				82D59BE41A35EC73006E262B /* main.m in Sources */,
				8244C76C1A35F88D0090DB7A /* ATScheduling.m in Sources */,
			);
			runOnlyForDeploymentPostprocessing = 0;
		};
		82D59BF11A35EC73006E262B /* Sources */ = {
			isa = PBXSourcesBuildPhase;
			buildActionMask = 2147483647;
			files = (
				82D59C031A35EC73006E262B /* syncDataDemoTests.m in Sources */,
			);
			runOnlyForDeploymentPostprocessing = 0;
		};
/* End PBXSourcesBuildPhase section */

/* Begin PBXTargetDependency section */
		82D59BFB1A35EC73006E262B /* PBXTargetDependency */ = {
			isa = PBXTargetDependency;
			target = 82D59BD31A35EC73006E262B /* syncDataDemo */;
			targetProxy = 82D59BFA1A35EC73006E262B /* PBXContainerItemProxy */;
		};
/* End PBXTargetDependency section */

/* Begin PBXVariantGroup section */
		82D59BE01A35EC73006E262B /* InfoPlist.strings */ = {
			isa = PBXVariantGroup;
			children = (
				82D59BE11A35EC73006E262B /* en */,
			);
			name = InfoPlist.strings;
			sourceTree = "<group>";
		};
		82D59BE91A35EC73006E262B /* Main.storyboard */ = {
			isa = PBXVariantGroup;
			children = (
				82D59BEA1A35EC73006E262B /* Base */,
			);
			name = Main.storyboard;
			sourceTree = "<group>";
		};
		82D59BFF1A35EC73006E262B /* InfoPlist.strings */ = {
			isa = PBXVariantGroup;
			children = (
				82D59C001A35EC73006E262B /* en */,
			);
			name = InfoPlist.strings;
			sourceTree = "<group>";
		};
/* End PBXVariantGroup section */

/* Begin XCBuildConfiguration section */
		82D59C041A35EC73006E262B /* Debug */ = {
			isa = XCBuildConfiguration;
			buildSettings = {
				ALWAYS_SEARCH_USER_PATHS = NO;
				CLANG_CXX_LANGUAGE_STANDARD = "gnu++0x";
				CLANG_CXX_LIBRARY = "libc++";
				CLANG_ENABLE_MODULES = YES;
				CLANG_ENABLE_OBJC_ARC = YES;
				CLANG_WARN_BOOL_CONVERSION = YES;
				CLANG_WARN_CONSTANT_CONVERSION = YES;
				CLANG_WARN_DIRECT_OBJC_ISA_USAGE = YES_ERROR;
				CLANG_WARN_EMPTY_BODY = YES;
				CLANG_WARN_ENUM_CONVERSION = YES;
				CLANG_WARN_INT_CONVERSION = YES;
				CLANG_WARN_OBJC_ROOT_CLASS = YES_ERROR;
				CLANG_WARN__DUPLICATE_METHOD_MATCH = YES;
				"CODE_SIGN_IDENTITY[sdk=iphoneos*]" = "iPhone Developer";
				COPY_PHASE_STRIP = NO;
				GCC_C_LANGUAGE_STANDARD = gnu99;
				GCC_DYNAMIC_NO_PIC = NO;
				GCC_OPTIMIZATION_LEVEL = 0;
				GCC_PREPROCESSOR_DEFINITIONS = (
					"DEBUG=1",
					"$(inherited)",
				);
				GCC_SYMBOLS_PRIVATE_EXTERN = NO;
				GCC_WARN_64_TO_32_BIT_CONVERSION = YES;
				GCC_WARN_ABOUT_RETURN_TYPE = YES_ERROR;
				GCC_WARN_UNDECLARED_SELECTOR = YES;
				GCC_WARN_UNINITIALIZED_AUTOS = YES_AGGRESSIVE;
				GCC_WARN_UNUSED_FUNCTION = YES;
				GCC_WARN_UNUSED_VARIABLE = YES;
				IPHONEOS_DEPLOYMENT_TARGET = 7.1;
				ONLY_ACTIVE_ARCH = YES;
				SDKROOT = iphoneos;
				TARGETED_DEVICE_FAMILY = 2;
			};
			name = Debug;
		};
		82D59C051A35EC73006E262B /* Release */ = {
			isa = XCBuildConfiguration;
			buildSettings = {
				ALWAYS_SEARCH_USER_PATHS = NO;
				CLANG_CXX_LANGUAGE_STANDARD = "gnu++0x";
				CLANG_CXX_LIBRARY = "libc++";
				CLANG_ENABLE_MODULES = YES;
				CLANG_ENABLE_OBJC_ARC = YES;
				CLANG_WARN_BOOL_CONVERSION = YES;
				CLANG_WARN_CONSTANT_CONVERSION = YES;
				CLANG_WARN_DIRECT_OBJC_ISA_USAGE = YES_ERROR;
				CLANG_WARN_EMPTY_BODY = YES;
				CLANG_WARN_ENUM_CONVERSION = YES;
				CLANG_WARN_INT_CONVERSION = YES;
				CLANG_WARN_OBJC_ROOT_CLASS = YES_ERROR;
				CLANG_WARN__DUPLICATE_METHOD_MATCH = YES;
				"CODE_SIGN_IDENTITY[sdk=iphoneos*]" = "iPhone Developer";
				COPY_PHASE_STRIP = YES;
				ENABLE_NS_ASSERTIONS = NO;
				GCC_C_LANGUAGE_STANDARD = gnu99;
				GCC_WARN_64_TO_32_BIT_CONVERSION = YES;
				GCC_WARN_ABOUT_RETURN_TYPE = YES_ERROR;
				GCC_WARN_UNDECLARED_SELECTOR = YES;
				GCC_WARN_UNINITIALIZED_AUTOS = YES_AGGRESSIVE;
				GCC_WARN_UNUSED_FUNCTION = YES;
				GCC_WARN_UNUSED_VARIABLE = YES;
				IPHONEOS_DEPLOYMENT_TARGET = 7.1;
				SDKROOT = iphoneos;
				TARGETED_DEVICE_FAMILY = 2;
				VALIDATE_PRODUCT = YES;
			};
			name = Release;
		};
		82D59C071A35EC73006E262B /* Debug */ = {
			isa = XCBuildConfiguration;
			baseConfigurationReference = 32F614E7987DCCE7C2458945 /* Pods.debug.xcconfig */;
			buildSettings = {
				ASSETCATALOG_COMPILER_APPICON_NAME = AppIcon;
				ASSETCATALOG_COMPILER_LAUNCHIMAGE_NAME = LaunchImage;
				GCC_PRECOMPILE_PREFIX_HEADER = YES;
				GCC_PREFIX_HEADER = "syncDataDemo/syncDataDemo-Prefix.pch";
				INFOPLIST_FILE = "syncDataDemo/syncDataDemo-Info.plist";
				PRODUCT_NAME = "$(TARGET_NAME)";
				WRAPPER_EXTENSION = app;
			};
			name = Debug;
		};
		82D59C081A35EC73006E262B /* Release */ = {
			isa = XCBuildConfiguration;
			baseConfigurationReference = 33C4D16D35CE1A960BD7A4AA /* Pods.release.xcconfig */;
			buildSettings = {
				ASSETCATALOG_COMPILER_APPICON_NAME = AppIcon;
				ASSETCATALOG_COMPILER_LAUNCHIMAGE_NAME = LaunchImage;
				GCC_PRECOMPILE_PREFIX_HEADER = YES;
				GCC_PREFIX_HEADER = "syncDataDemo/syncDataDemo-Prefix.pch";
				INFOPLIST_FILE = "syncDataDemo/syncDataDemo-Info.plist";
				PRODUCT_NAME = "$(TARGET_NAME)";
				WRAPPER_EXTENSION = app;
			};
			name = Release;
		};
		82D59C0A1A35EC73006E262B /* Debug */ = {
			isa = XCBuildConfiguration;
			buildSettings = {
				BUNDLE_LOADER = "$(BUILT_PRODUCTS_DIR)/syncDataDemo.app/syncDataDemo";
				FRAMEWORK_SEARCH_PATHS = (
					"$(SDKROOT)/Developer/Library/Frameworks",
					"$(inherited)",
					"$(DEVELOPER_FRAMEWORKS_DIR)",
				);
				GCC_PRECOMPILE_PREFIX_HEADER = YES;
				GCC_PREFIX_HEADER = "syncDataDemo/syncDataDemo-Prefix.pch";
				GCC_PREPROCESSOR_DEFINITIONS = (
					"DEBUG=1",
					"$(inherited)",
				);
				INFOPLIST_FILE = "syncDataDemoTests/syncDataDemoTests-Info.plist";
				PRODUCT_NAME = "$(TARGET_NAME)";
				TEST_HOST = "$(BUNDLE_LOADER)";
				WRAPPER_EXTENSION = xctest;
			};
			name = Debug;
		};
		82D59C0B1A35EC73006E262B /* Release */ = {
			isa = XCBuildConfiguration;
			buildSettings = {
				BUNDLE_LOADER = "$(BUILT_PRODUCTS_DIR)/syncDataDemo.app/syncDataDemo";
				FRAMEWORK_SEARCH_PATHS = (
					"$(SDKROOT)/Developer/Library/Frameworks",
					"$(inherited)",
					"$(DEVELOPER_FRAMEWORKS_DIR)",
				);
				GCC_PRECOMPILE_PREFIX_HEADER = YES;
				GCC_PREFIX_HEADER = "syncDataDemo/syncDataDemo-Prefix.pch";
				INFOPLIST_FILE = "syncDataDemoTests/syncDataDemoTests-Info.plist";
				PRODUCT_NAME = "$(TARGET_NAME)";
				TEST_HOST = "$(BUNDLE_LOADER)";
				WRAPPER_EXTENSION = xctest;
			};
			name = Release;
		};
/* End XCBuildConfiguration section */

/* Begin XCConfigurationList section */
		82D59BCF1A35EC73006E262B /* Build configuration list for PBXProject "syncDataDemo" */ = {
			isa = XCConfigurationList;
			buildConfigurations = (
				82D59C041A35EC73006E262B /* Debug */,
				82D59C051A35EC73006E262B /* Release */,
			);
			defaultConfigurationIsVisible = 0;
			defaultConfigurationName = Release;
		};
		82D59C061A35EC73006E262B /* Build configuration list for PBXNativeTarget "syncDataDemo" */ = {
			isa = XCConfigurationList;
			buildConfigurations = (
				82D59C071A35EC73006E262B /* Debug */,
				82D59C081A35EC73006E262B /* Release */,
			);
			defaultConfigurationIsVisible = 0;
			defaultConfigurationName = Release;
		};
		82D59C091A35EC73006E262B /* Build configuration list for PBXNativeTarget "syncDataDemoTests" */ = {
			isa = XCConfigurationList;
			buildConfigurations = (
				82D59C0A1A35EC73006E262B /* Debug */,
				82D59C0B1A35EC73006E262B /* Release */,
			);
			defaultConfigurationIsVisible = 0;
			defaultConfigurationName = Release;
		};
/* End XCConfigurationList section */
	};
	rootObject = 82D59BCC1A35EC73006E262B /* Project object */;
}
